
Microsoft Visual Studio Solution File, Format Version 12.00
# Visual Studio Version 16
VisualStudioVersion = 16.0.29519.87
MinimumVisualStudioVersion = 10.0.40219.1
Project("{9A19103F-16F7-4668-BE54-9A1E7A4F7556}") = "Tumble.Api", "Tumble.Api\Tumble.Api.csproj", "{6E10DC46-74B9-4E72-9E99-469EC2D12C72}"
EndProject
Project("{9A19103F-16F7-4668-BE54-9A1E7A4F7556}") = "Tumble.Services", "Tumble.Services\Tumble.Services.csproj", "{1151ABDD-2670-4630-88F2-D4858620A266}"
EndProject
Project("{9A19103F-16F7-4668-BE54-9A1E7A4F7556}") = "Tumble.DataAccess", "Tumble.DataAccess\Tumble.DataAccess.csproj", "{06736D99-1589-47FF-8AE2-9D15D47BA5BF}"
EndProject
Project("{9A19103F-16F7-4668-BE54-9A1E7A4F7556}") = "Tumble.Core", "Tumble.Core\Tumble.Core.csproj", "{0AE083D2-F35F-43F5-B84B-4D6D36D6579D}"
EndProject
Project("{9A19103F-16F7-4668-BE54-9A1E7A4F7556}") = "Tumble.DTO", "Tumble.DTO\Tumble.DTO.csproj", "{8042C2D8-87E9-46A9-A34B-FD596C27D20B}"
EndProject
Project("{9A19103F-16F7-4668-BE54-9A1E7A4F7556}") = "Tumble.UnitTest", "Tumble.UnitTest\Tumble.UnitTest.csproj", "{DBAA031C-CA7A-4049-B7AE-420ECFA48A51}"
EndProject
Global
	GlobalSection(SolutionConfigurationPlatforms) = preSolution
		Debug|Any CPU = Debug|Any CPU
		Release|Any CPU = Release|Any CPU
		Stage|Any CPU = Stage|Any CPU
	EndGlobalSection
	GlobalSection(ProjectConfigurationPlatforms) = postSolution
		{6E10DC46-74B9-4E72-9E99-469EC2D12C72}.Debug|Any CPU.ActiveCfg = Debug|Any CPU
		{6E10DC46-74B9-4E72-9E99-469EC2D12C72}.Debug|Any CPU.Build.0 = Debug|Any CPU
		{6E10DC46-74B9-4E72-9E99-469EC2D12C72}.Release|Any CPU.ActiveCfg = Release|Any CPU
		{6E10DC46-74B9-4E72-9E99-469EC2D12C72}.Release|Any CPU.Build.0 = Release|Any CPU
		{6E10DC46-74B9-4E72-9E99-469EC2D12C72}.Stage|Any CPU.ActiveCfg = Stage|Any CPU
		{6E10DC46-74B9-4E72-9E99-469EC2D12C72}.Stage|Any CPU.Build.0 = Stage|Any CPU
		{1151ABDD-2670-4630-88F2-D4858620A266}.Debug|Any CPU.ActiveCfg = Debug|Any CPU
		{1151ABDD-2670-4630-88F2-D4858620A266}.Debug|Any CPU.Build.0 = Debug|Any CPU
		{1151ABDD-2670-4630-88F2-D4858620A266}.Release|Any CPU.ActiveCfg = Release|Any CPU
		{1151ABDD-2670-4630-88F2-D4858620A266}.Release|Any CPU.Build.0 = Release|Any CPU
		{1151ABDD-2670-4630-88F2-D4858620A266}.Stage|Any CPU.ActiveCfg = Stage|Any CPU
		{1151ABDD-2670-4630-88F2-D4858620A266}.Stage|Any CPU.Build.0 = Stage|Any CPU
		{06736D99-1589-47FF-8AE2-9D15D47BA5BF}.Debug|Any CPU.ActiveCfg = Debug|Any CPU
		{06736D99-1589-47FF-8AE2-9D15D47BA5BF}.Debug|Any CPU.Build.0 = Debug|Any CPU
		{06736D99-1589-47FF-8AE2-9D15D47BA5BF}.Release|Any CPU.ActiveCfg = Release|Any CPU
		{06736D99-1589-47FF-8AE2-9D15D47BA5BF}.Release|Any CPU.Build.0 = Release|Any CPU
		{06736D99-1589-47FF-8AE2-9D15D47BA5BF}.Stage|Any CPU.ActiveCfg = Stage|Any CPU
		{06736D99-1589-47FF-8AE2-9D15D47BA5BF}.Stage|Any CPU.Build.0 = Stage|Any CPU
		{0AE083D2-F35F-43F5-B84B-4D6D36D6579D}.Debug|Any CPU.ActiveCfg = Debug|Any CPU
		{0AE083D2-F35F-43F5-B84B-4D6D36D6579D}.Debug|Any CPU.Build.0 = Debug|Any CPU
		{0AE083D2-F35F-43F5-B84B-4D6D36D6579D}.Release|Any CPU.ActiveCfg = Release|Any CPU
		{0AE083D2-F35F-43F5-B84B-4D6D36D6579D}.Release|Any CPU.Build.0 = Release|Any CPU
		{0AE083D2-F35F-43F5-B84B-4D6D36D6579D}.Stage|Any CPU.ActiveCfg = Stage|Any CPU
		{0AE083D2-F35F-43F5-B84B-4D6D36D6579D}.Stage|Any CPU.Build.0 = Stage|Any CPU
		{8042C2D8-87E9-46A9-A34B-FD596C27D20B}.Debug|Any CPU.ActiveCfg = Debug|Any CPU
		{8042C2D8-87E9-46A9-A34B-FD596C27D20B}.Debug|Any CPU.Build.0 = Debug|Any CPU
		{8042C2D8-87E9-46A9-A34B-FD596C27D20B}.Release|Any CPU.ActiveCfg = Release|Any CPU
		{8042C2D8-87E9-46A9-A34B-FD596C27D20B}.Release|Any CPU.Build.0 = Release|Any CPU
		{8042C2D8-87E9-46A9-A34B-FD596C27D20B}.Stage|Any CPU.ActiveCfg = Stage|Any CPU
		{8042C2D8-87E9-46A9-A34B-FD596C27D20B}.Stage|Any CPU.Build.0 = Stage|Any CPU
		{DBAA031C-CA7A-4049-B7AE-420ECFA48A51}.Debug|Any CPU.ActiveCfg = Debug|Any CPU
		{DBAA031C-CA7A-4049-B7AE-420ECFA48A51}.Debug|Any CPU.Build.0 = Debug|Any CPU
		{DBAA031C-CA7A-4049-B7AE-420ECFA48A51}.Release|Any CPU.ActiveCfg = Release|Any CPU
		{DBAA031C-CA7A-4049-B7AE-420ECFA48A51}.Release|Any CPU.Build.0 = Release|Any CPU
		{DBAA031C-CA7A-4049-B7AE-420ECFA48A51}.Stage|Any CPU.ActiveCfg = Stage|Any CPU
		{DBAA031C-CA7A-4049-B7AE-420ECFA48A51}.Stage|Any CPU.Build.0 = Stage|Any CPU
	EndGlobalSection
	GlobalSection(SolutionProperties) = preSolution
		HideSolutionNode = FALSE
	EndGlobalSection
	GlobalSection(ExtensibilityGlobals) = postSolution
		SolutionGuid = {D67B64DD-F455-437D-955E-8277BEEE1BB5}
	EndGlobalSection
EndGlobal
